<?xml version="1.0" encoding="utf-8"?>
<Project ToolsVersion="4.0" xmlns="http://schemas.microsoft.com/developer/msbuild/2003">
  <ItemGroup>
    <Filter Include="Source Files">
      <UniqueIdentifier>{4FC737F1-C7A5-4376-A066-2A32D752A2FF}</UniqueIdentifier>
      <Extensions>cpp;c;cc;cxx;c++;cppm;ixx;def;odl;idl;hpj;bat;asm;asmx</Extensions>
    </Filter>
    <Filter Include="Header Files">
      <UniqueIdentifier>{93995380-89BD-4b04-88EB-625FBE52EBFB}</UniqueIdentifier>
      <Extensions>h;hh;hpp;hxx;h++;hm;inl;inc;ipp;xsd</Extensions>
    </Filter>
    <Filter Include="Resource Files">
      <UniqueIdentifier>{67DA6AB6-F800-4c08-8B7A-83BB121AAD01}</UniqueIdentifier>
      <Extensions>rc;ico;cur;bmp;dlg;rc2;rct;bin;rgs;gif;jpg;jpeg;jpe;resx;tiff;tif;png;wav;mfcribbon-ms</Extensions>
    </Filter>
    <Filter Include="Header Files\IOCP">
      <UniqueIdentifier>{86d74aa9-a409-4b39-84c4-2d4bb183cff4}</UniqueIdentifier>
    </Filter>
    <Filter Include="Header Files\Packet">
      <UniqueIdentifier>{8eabfdd0-4d34-44e5-b1ab-32fba4454af1}</UniqueIdentifier>
    </Filter>
    <Filter Include="Header Files\PacketProcessor">
      <UniqueIdentifier>{81c02d53-c43a-4083-bd22-07699bd8caf4}</UniqueIdentifier>
    </Filter>
  </ItemGroup>
  <ItemGroup>
    <ClCompile Include="main.cpp">
      <Filter>Source Files</Filter>
    </ClCompile>
    <ClCompile Include="CMatchingIOCP.cpp">
      <Filter>Header Files\IOCP</Filter>
    </ClCompile>
    <ClCompile Include="CMatchingPacketProcessor.cpp">
      <Filter>Header Files\PacketProcessor</Filter>
    </ClCompile>
  </ItemGroup>
  <ItemGroup>
    <ClInclude Include="CMatchingIOCP.h">
      <Filter>Header Files\IOCP</Filter>
    </ClInclude>
    <ClInclude Include="Packet\data_define_generated.h">
      <Filter>Header Files\Packet</Filter>
    </ClInclude>
    <ClInclude Include="CMatchingPacketProcessor.h">
      <Filter>Header Files\PacketProcessor</Filter>
    </ClInclude>
  </ItemGroup>
</Project>